
Microsoft Visual Studio Solution File, Format Version 12.00
# Visual Studio Version 16
VisualStudioVersion = 16.0.29509.3
MinimumVisualStudioVersion = 10.0.40219.1
Project("{FAE04EC0-301F-11D3-BF4B-00C04F79EFBC}") = "RedisTrial", "RedisTrial\RedisTrial.csproj", "{583AE0B4-79E9-444D-AA7F-F590BBA8CF2F}"
EndProject
Global
	GlobalSection(SolutionConfigurationPlatforms) = preSolution
		Debug|Any CPU = Debug|Any CPU
		Release|Any CPU = Release|Any CPU
	EndGlobalSection
	GlobalSection(ProjectConfigurationPlatforms) = postSolution
		{583AE0B4-79E9-444D-AA7F-F590BBA8CF2F}.Debug|Any CPU.ActiveCfg = Debug|Any CPU
		{583AE0B4-79E9-444D-AA7F-F590BBA8CF2F}.Debug|Any CPU.Build.0 = Debug|Any CPU
		{583AE0B4-79E9-444D-AA7F-F590BBA8CF2F}.Release|Any CPU.ActiveCfg = Release|Any CPU
		{583AE0B4-79E9-444D-AA7F-F590BBA8CF2F}.Release|Any CPU.Build.0 = Release|Any CPU
	EndGlobalSection
	GlobalSection(SolutionProperties) = preSolution
		HideSolutionNode = FALSE
	EndGlobalSection
	GlobalSection(ExtensibilityGlobals) = postSolution
		SolutionGuid = {1643AD9A-83D0-43D7-ADD9-086BB43AA738}
	EndGlobalSection
EndGlobal
